// !$*UTF8*$!
{
	archiveVersion = 1;
	classes = {
	};
	objectVersion = 55;
	objects = {

/* Begin PBXBuildFile section */
		C5500F6E28C2478C0034E4D9 /* AppDelegate.swift in Sources */ = {isa = PBXBuildFile; fileRef = C5500F6D28C2478C0034E4D9 /* AppDelegate.swift */; };
		C5500F7028C2478C0034E4D9 /* SceneDelegate.swift in Sources */ = {isa = PBXBuildFile; fileRef = C5500F6F28C2478C0034E4D9 /* SceneDelegate.swift */; };
		C5500F7228C2478C0034E4D9 /* CityListVC.swift in Sources */ = {isa = PBXBuildFile; fileRef = C5500F7128C2478C0034E4D9 /* CityListVC.swift */; };
		C5500F7728C2478E0034E4D9 /* Assets.xcassets in Resources */ = {isa = PBXBuildFile; fileRef = C5500F7628C2478E0034E4D9 /* Assets.xcassets */; };
		C5500F7A28C2478E0034E4D9 /* LaunchScreen.storyboard in Resources */ = {isa = PBXBuildFile; fileRef = C5500F7828C2478E0034E4D9 /* LaunchScreen.storyboard */; };
		C5500F9128C24FD50034E4D9 /* WeatherDetailsCell.swift in Sources */ = {isa = PBXBuildFile; fileRef = C5500F9028C24FD50034E4D9 /* WeatherDetailsCell.swift */; };
		C5500F9428C259240034E4D9 /* NetworkService.swift in Sources */ = {isa = PBXBuildFile; fileRef = C5500F9328C259240034E4D9 /* NetworkService.swift */; };
		C5500F9628C2599C0034E4D9 /* NetworkError.swift in Sources */ = {isa = PBXBuildFile; fileRef = C5500F9528C2599C0034E4D9 /* NetworkError.swift */; };
		C5500F9B28C25A740034E4D9 /* Constants.swift in Sources */ = {isa = PBXBuildFile; fileRef = C5500F9A28C25A740034E4D9 /* Constants.swift */; };
/* End PBXBuildFile section */

/* Begin PBXFileReference section */
		C5500F6A28C2478C0034E4D9 /* EmbraceIT-TakeHome.app */ = {isa = PBXFileReference; explicitFileType = wrapper.application; includeInIndex = 0; path = "EmbraceIT-TakeHome.app"; sourceTree = BUILT_PRODUCTS_DIR; };
		C5500F6D28C2478C0034E4D9 /* AppDelegate.swift */ = {isa = PBXFileReference; lastKnownFileType = sourcecode.swift; path = AppDelegate.swift; sourceTree = "<group>"; };
		C5500F6F28C2478C0034E4D9 /* SceneDelegate.swift */ = {isa = PBXFileReference; lastKnownFileType = sourcecode.swift; path = SceneDelegate.swift; sourceTree = "<group>"; };
		C5500F7128C2478C0034E4D9 /* CityListVC.swift */ = {isa = PBXFileReference; lastKnownFileType = sourcecode.swift; path = CityListVC.swift; sourceTree = "<group>"; };
		C5500F7628C2478E0034E4D9 /* Assets.xcassets */ = {isa = PBXFileReference; lastKnownFileType = folder.assetcatalog; path = Assets.xcassets; sourceTree = "<group>"; };
		C5500F7928C2478E0034E4D9 /* Base */ = {isa = PBXFileReference; lastKnownFileType = file.storyboard; name = Base; path = Base.lproj/LaunchScreen.storyboard; sourceTree = "<group>"; };
		C5500F7B28C2478E0034E4D9 /* Info.plist */ = {isa = PBXFileReference; lastKnownFileType = text.plist.xml; path = Info.plist; sourceTree = "<group>"; };
		C5500F9028C24FD50034E4D9 /* WeatherDetailsCell.swift */ = {isa = PBXFileReference; lastKnownFileType = sourcecode.swift; path = WeatherDetailsCell.swift; sourceTree = "<group>"; };
		C5500F9328C259240034E4D9 /* NetworkService.swift */ = {isa = PBXFileReference; lastKnownFileType = sourcecode.swift; path = NetworkService.swift; sourceTree = "<group>"; };
		C5500F9528C2599C0034E4D9 /* NetworkError.swift */ = {isa = PBXFileReference; fileEncoding = 4; lastKnownFileType = sourcecode.swift; path = NetworkError.swift; sourceTree = "<group>"; };
		C5500F9A28C25A740034E4D9 /* Constants.swift */ = {isa = PBXFileReference; lastKnownFileType = sourcecode.swift; path = Constants.swift; sourceTree = "<group>"; };
/* End PBXFileReference section */

/* Begin PBXFrameworksBuildPhase section */
		C5500F6728C2478C0034E4D9 /* Frameworks */ = {
			isa = PBXFrameworksBuildPhase;
			buildActionMask = 2147483647;
			files = (
			);
			runOnlyForDeploymentPostprocessing = 0;
		};
/* End PBXFrameworksBuildPhase section */

/* Begin PBXGroup section */
		C5500F6128C2478C0034E4D9 = {
			isa = PBXGroup;
			children = (
				C5500F6C28C2478C0034E4D9 /* EmbraceIT-TakeHome */,
				C5500F6B28C2478C0034E4D9 /* Products */,
			);
			sourceTree = "<group>";
		};
		C5500F6B28C2478C0034E4D9 /* Products */ = {
			isa = PBXGroup;
			children = (
				C5500F6A28C2478C0034E4D9 /* EmbraceIT-TakeHome.app */,
			);
			name = Products;
			sourceTree = "<group>";
		};
		C5500F6C28C2478C0034E4D9 /* EmbraceIT-TakeHome */ = {
			isa = PBXGroup;
			children = (
				C5500F9828C25A480034E4D9 /* Utils */,
				C5500F8228C247D50034E4D9 /* Source */,
				C5500F8128C247C30034E4D9 /* Support */,
				C5500F7B28C2478E0034E4D9 /* Info.plist */,
			);
			path = "EmbraceIT-TakeHome";
			sourceTree = "<group>";
		};
		C5500F8128C247C30034E4D9 /* Support */ = {
			isa = PBXGroup;
			children = (
				C5500F6D28C2478C0034E4D9 /* AppDelegate.swift */,
				C5500F6F28C2478C0034E4D9 /* SceneDelegate.swift */,
				C5500F7628C2478E0034E4D9 /* Assets.xcassets */,
				C5500F7828C2478E0034E4D9 /* LaunchScreen.storyboard */,
			);
			path = Support;
			sourceTree = "<group>";
		};
		C5500F8228C247D50034E4D9 /* Source */ = {
			isa = PBXGroup;
			children = (
				C5500F9228C259020034E4D9 /* Network */,
				C5500F8328C247F30034E4D9 /* City List */,
			);
			path = Source;
			sourceTree = "<group>";
		};
		C5500F8328C247F30034E4D9 /* City List */ = {
			isa = PBXGroup;
			children = (
				C5500F8428C2481D0034E4D9 /* View */,
			);
			path = "City List";
			sourceTree = "<group>";
		};
		C5500F8428C2481D0034E4D9 /* View */ = {
			isa = PBXGroup;
			children = (
				C5500F8E28C24F8A0034E4D9 /* Components */,
				C5500F7128C2478C0034E4D9 /* CityListVC.swift */,
			);
			path = View;
			sourceTree = "<group>";
		};
		C5500F8E28C24F8A0034E4D9 /* Components */ = {
			isa = PBXGroup;
			children = (
				C5500F8F28C24F930034E4D9 /* Cells */,
			);
			path = Components;
			sourceTree = "<group>";
		};
		C5500F8F28C24F930034E4D9 /* Cells */ = {
			isa = PBXGroup;
			children = (
				C5500F9028C24FD50034E4D9 /* WeatherDetailsCell.swift */,
			);
			path = Cells;
			sourceTree = "<group>";
		};
		C5500F9228C259020034E4D9 /* Network */ = {
			isa = PBXGroup;
			children = (
				C5500F9528C2599C0034E4D9 /* NetworkError.swift */,
				C5500F9328C259240034E4D9 /* NetworkService.swift */,
			);
			path = Network;
			sourceTree = "<group>";
		};
		C5500F9828C25A480034E4D9 /* Utils */ = {
			isa = PBXGroup;
			children = (
				C5500F9A28C25A740034E4D9 /* Constants.swift */,
			);
			path = Utils;
			sourceTree = "<group>";
		};
/* End PBXGroup section */

/* Begin PBXNativeTarget section */
		C5500F6928C2478C0034E4D9 /* EmbraceIT-TakeHome */ = {
			isa = PBXNativeTarget;
			buildConfigurationList = C5500F7E28C2478E0034E4D9 /* Build configuration list for PBXNativeTarget "EmbraceIT-TakeHome" */;
			buildPhases = (
				C5500F6628C2478C0034E4D9 /* Sources */,
				C5500F6728C2478C0034E4D9 /* Frameworks */,
				C5500F6828C2478C0034E4D9 /* Resources */,
			);
			buildRules = (
			);
			dependencies = (
			);
			name = "EmbraceIT-TakeHome";
			productName = "EmbraceIT-TakeHome";
			productReference = C5500F6A28C2478C0034E4D9 /* EmbraceIT-TakeHome.app */;
			productType = "com.apple.product-type.application";
		};
/* End PBXNativeTarget section */

/* Begin PBXProject section */
		C5500F6228C2478C0034E4D9 /* Project object */ = {
			isa = PBXProject;
			attributes = {
				BuildIndependentTargetsInParallel = 1;
				LastSwiftUpdateCheck = 1320;
				LastUpgradeCheck = 1320;
				TargetAttributes = {
					C5500F6928C2478C0034E4D9 = {
						CreatedOnToolsVersion = 13.2.1;
					};
				};
			};
			buildConfigurationList = C5500F6528C2478C0034E4D9 /* Build configuration list for PBXProject "EmbraceIT-TakeHome" */;
			compatibilityVersion = "Xcode 13.0";
			developmentRegion = en;
			hasScannedForEncodings = 0;
			knownRegions = (
				en,
				Base,
			);
			mainGroup = C5500F6128C2478C0034E4D9;
			productRefGroup = C5500F6B28C2478C0034E4D9 /* Products */;
			projectDirPath = "";
			projectRoot = "";
			targets = (
				C5500F6928C2478C0034E4D9 /* EmbraceIT-TakeHome */,
			);
		};
/* End PBXProject section */

/* Begin PBXResourcesBuildPhase section */
		C5500F6828C2478C0034E4D9 /* Resources */ = {
			isa = PBXResourcesBuildPhase;
			buildActionMask = 2147483647;
			files = (
				C5500F7A28C2478E0034E4D9 /* LaunchScreen.storyboard in Resources */,
				C5500F7728C2478E0034E4D9 /* Assets.xcassets in Resources */,
			);
			runOnlyForDeploymentPostprocessing = 0;
		};
/* End PBXResourcesBuildPhase section */

/* Begin PBXSourcesBuildPhase section */
		C5500F6628C2478C0034E4D9 /* Sources */ = {
			isa = PBXSourcesBuildPhase;
			buildActionMask = 2147483647;
			files = (
				C5500F9428C259240034E4D9 /* NetworkService.swift in Sources */,
				C5500F7228C2478C0034E4D9 /* CityListVC.swift in Sources */,
				C5500F9128C24FD50034E4D9 /* WeatherDetailsCell.swift in Sources */,
				C5500F9628C2599C0034E4D9 /* NetworkError.swift in Sources */,
				C5500F9B28C25A740034E4D9 /* Constants.swift in Sources */,
				C5500F6E28C2478C0034E4D9 /* AppDelegate.swift in Sources */,
				C5500F7028C2478C0034E4D9 /* SceneDelegate.swift in Sources */,
			);
			runOnlyForDeploymentPostprocessing = 0;
		};
/* End PBXSourcesBuildPhase section */

/* Begin PBXVariantGroup section */
		C5500F7828C2478E0034E4D9 /* LaunchScreen.storyboard */ = {
			isa = PBXVariantGroup;
			children = (
				C5500F7928C2478E0034E4D9 /* Base */,
			);
			name = LaunchScreen.storyboard;
			sourceTree = "<group>";
		};
/* End PBXVariantGroup section */

/* Begin XCBuildConfiguration section */
		C5500F7C28C2478E0034E4D9 /* Debug */ = {
			isa = XCBuildConfiguration;
			buildSettings = {
				ALWAYS_SEARCH_USER_PATHS = NO;
				CLANG_ANALYZER_NONNULL = YES;
				CLANG_ANALYZER_NUMBER_OBJECT_CONVERSION = YES_AGGRESSIVE;
				CLANG_CXX_LANGUAGE_STANDARD = "gnu++17";
				CLANG_CXX_LIBRARY = "libc++";
				CLANG_ENABLE_MODULES = YES;
				CLANG_ENABLE_OBJC_ARC = YES;
				CLANG_ENABLE_OBJC_WEAK = YES;
				CLANG_WARN_BLOCK_CAPTURE_AUTORELEASING = YES;
				CLANG_WARN_BOOL_CONVERSION = YES;
				CLANG_WARN_COMMA = YES;
				CLANG_WARN_CONSTANT_CONVERSION = YES;
				CLANG_WARN_DEPRECATED_OBJC_IMPLEMENTATIONS = YES;
				CLANG_WARN_DIRECT_OBJC_ISA_USAGE = YES_ERROR;
				CLANG_WARN_DOCUMENTATION_COMMENTS = YES;
				CLANG_WARN_EMPTY_BODY = YES;
				CLANG_WARN_ENUM_CONVERSION = YES;
				CLANG_WARN_INFINITE_RECURSION = YES;
				CLANG_WARN_INT_CONVERSION = YES;
				CLANG_WARN_NON_LITERAL_NULL_CONVERSION = YES;
				CLANG_WARN_OBJC_IMPLICIT_RETAIN_SELF = YES;
				CLANG_WARN_OBJC_LITERAL_CONVERSION = YES;
				CLANG_WARN_OBJC_ROOT_CLASS = YES_ERROR;
				CLANG_WARN_QUOTED_INCLUDE_IN_FRAMEWORK_HEADER = YES;
				CLANG_WARN_RANGE_LOOP_ANALYSIS = YES;
				CLANG_WARN_STRICT_PROTOTYPES = YES;
				CLANG_WARN_SUSPICIOUS_MOVE = YES;
				CLANG_WARN_UNGUARDED_AVAILABILITY = YES_AGGRESSIVE;
				CLANG_WARN_UNREACHABLE_CODE = YES;
				CLANG_WARN__DUPLICATE_METHOD_MATCH = YES;
				COPY_PHASE_STRIP = NO;
				DEBUG_INFORMATION_FORMAT = dwarf;
				ENABLE_STRICT_OBJC_MSGSEND = YES;
				ENABLE_TESTABILITY = YES;
				GCC_C_LANGUAGE_STANDARD = gnu11;
				GCC_DYNAMIC_NO_PIC = NO;
				GCC_NO_COMMON_BLOCKS = YES;
				GCC_OPTIMIZATION_LEVEL = 0;
				GCC_PREPROCESSOR_DEFINITIONS = (
					"DEBUG=1",
					"$(inherited)",
				);
				GCC_WARN_64_TO_32_BIT_CONVERSION = YES;
				GCC_WARN_ABOUT_RETURN_TYPE = YES_ERROR;
				GCC_WARN_UNDECLARED_SELECTOR = YES;
				GCC_WARN_UNINITIALIZED_AUTOS = YES_AGGRESSIVE;
				GCC_WARN_UNUSED_FUNCTION = YES;
				GCC_WARN_UNUSED_VARIABLE = YES;
				IPHONEOS_DEPLOYMENT_TARGET = 15.2;
				MTL_ENABLE_DEBUG_INFO = INCLUDE_SOURCE;
				MTL_FAST_MATH = YES;
				ONLY_ACTIVE_ARCH = YES;
				SDKROOT = iphoneos;
				SWIFT_ACTIVE_COMPILATION_CONDITIONS = DEBUG;
				SWIFT_OPTIMIZATION_LEVEL = "-Onone";
			};
			name = Debug;
		};
		C5500F7D28C2478E0034E4D9 /* Release */ = {
			isa = XCBuildConfiguration;
			buildSettings = {
				ALWAYS_SEARCH_USER_PATHS = NO;
				CLANG_ANALYZER_NONNULL = YES;
				CLANG_ANALYZER_NUMBER_OBJECT_CONVERSION = YES_AGGRESSIVE;
				CLANG_CXX_LANGUAGE_STANDARD = "gnu++17";
				CLANG_CXX_LIBRARY = "libc++";
				CLANG_ENABLE_MODULES = YES;
				CLANG_ENABLE_OBJC_ARC = YES;
				CLANG_ENABLE_OBJC_WEAK = YES;
				CLANG_WARN_BLOCK_CAPTURE_AUTORELEASING = YES;
				CLANG_WARN_BOOL_CONVERSION = YES;
				CLANG_WARN_COMMA = YES;
				CLANG_WARN_CONSTANT_CONVERSION = YES;
				CLANG_WARN_DEPRECATED_OBJC_IMPLEMENTATIONS = YES;
				CLANG_WARN_DIRECT_OBJC_ISA_USAGE = YES_ERROR;
				CLANG_WARN_DOCUMENTATION_COMMENTS = YES;
				CLANG_WARN_EMPTY_BODY = YES;
				CLANG_WARN_ENUM_CONVERSION = YES;
				CLANG_WARN_INFINITE_RECURSION = YES;
				CLANG_WARN_INT_CONVERSION = YES;
				CLANG_WARN_NON_LITERAL_NULL_CONVERSION = YES;
				CLANG_WARN_OBJC_IMPLICIT_RETAIN_SELF = YES;
				CLANG_WARN_OBJC_LITERAL_CONVERSION = YES;
				CLANG_WARN_OBJC_ROOT_CLASS = YES_ERROR;
				CLANG_WARN_QUOTED_INCLUDE_IN_FRAMEWORK_HEADER = YES;
				CLANG_WARN_RANGE_LOOP_ANALYSIS = YES;
				CLANG_WARN_STRICT_PROTOTYPES = YES;
				CLANG_WARN_SUSPICIOUS_MOVE = YES;
				CLANG_WARN_UNGUARDED_AVAILABILITY = YES_AGGRESSIVE;
				CLANG_WARN_UNREACHABLE_CODE = YES;
				CLANG_WARN__DUPLICATE_METHOD_MATCH = YES;
				COPY_PHASE_STRIP = NO;
				DEBUG_INFORMATION_FORMAT = "dwarf-with-dsym";
				ENABLE_NS_ASSERTIONS = NO;
				ENABLE_STRICT_OBJC_MSGSEND = YES;
				GCC_C_LANGUAGE_STANDARD = gnu11;
				GCC_NO_COMMON_BLOCKS = YES;
				GCC_WARN_64_TO_32_BIT_CONVERSION = YES;
				GCC_WARN_ABOUT_RETURN_TYPE = YES_ERROR;
				GCC_WARN_UNDECLARED_SELECTOR = YES;
				GCC_WARN_UNINITIALIZED_AUTOS = YES_AGGRESSIVE;
				GCC_WARN_UNUSED_FUNCTION = YES;
				GCC_WARN_UNUSED_VARIABLE = YES;
				IPHONEOS_DEPLOYMENT_TARGET = 15.2;
				MTL_ENABLE_DEBUG_INFO = NO;
				MTL_FAST_MATH = YES;
				SDKROOT = iphoneos;
				SWIFT_COMPILATION_MODE = wholemodule;
				SWIFT_OPTIMIZATION_LEVEL = "-O";
				VALIDATE_PRODUCT = YES;
			};
			name = Release;
		};
		C5500F7F28C2478E0034E4D9 /* Debug */ = {
			isa = XCBuildConfiguration;
			buildSettings = {
				ASSETCATALOG_COMPILER_APPICON_NAME = AppIcon;
				ASSETCATALOG_COMPILER_GLOBAL_ACCENT_COLOR_NAME = AccentColor;
				CODE_SIGN_STYLE = Automatic;
				CURRENT_PROJECT_VERSION = 1;
				DEVELOPMENT_TEAM = 7DQ27655C6;
				GENERATE_INFOPLIST_FILE = YES;
				INFOPLIST_FILE = "EmbraceIT-TakeHome/Info.plist";
				INFOPLIST_KEY_UIApplicationSupportsIndirectInputEvents = YES;
				INFOPLIST_KEY_UILaunchStoryboardName = LaunchScreen;
				INFOPLIST_KEY_UISupportedInterfaceOrientations = UIInterfaceOrientationPortrait;
				INFOPLIST_KEY_UISupportedInterfaceOrientations_iPad = "UIInterfaceOrientationPortrait UIInterfaceOrientationPortraitUpsideDown UIInterfaceOrientationLandscapeLeft UIInterfaceOrientationLandscapeRight";
				INFOPLIST_KEY_UISupportedInterfaceOrientations_iPhone = "UIInterfaceOrientationPortrait UIInterfaceOrientationLandscapeLeft UIInterfaceOrientationLandscapeRight";
				LD_RUNPATH_SEARCH_PATHS = (
					"$(inherited)",
					"@executable_path/Frameworks",
				);
				MARKETING_VERSION = 1.0;
				PRODUCT_BUNDLE_IDENTIFIER = "com.ahmermughal.EmbraceIT-TakeHome";
				PRODUCT_NAME = "$(TARGET_NAME)";
				SWIFT_EMIT_LOC_STRINGS = YES;
				SWIFT_VERSION = 5.0;
				TARGETED_DEVICE_FAMILY = 1;
			};
			name = Debug;
		};
		C5500F8028C2478E0034E4D9 /* Release */ = {
			isa = XCBuildConfiguration;
			buildSettings = {
				ASSETCATALOG_COMPILER_APPICON_NAME = AppIcon;
				ASSETCATALOG_COMPILER_GLOBAL_ACCENT_COLOR_NAME = AccentColor;
				CODE_SIGN_STYLE = Automatic;
				CURRENT_PROJECT_VERSION = 1;
				DEVELOPMENT_TEAM = 7DQ27655C6;
				GENERATE_INFOPLIST_FILE = YES;
				INFOPLIST_FILE = "EmbraceIT-TakeHome/Info.plist";
				INFOPLIST_KEY_UIApplicationSupportsIndirectInputEvents = YES;
				INFOPLIST_KEY_UILaunchStoryboardName = LaunchScreen;
				INFOPLIST_KEY_UISupportedInterfaceOrientations = UIInterfaceOrientationPortrait;
				INFOPLIST_KEY_UISupportedInterfaceOrientations_iPad = "UIInterfaceOrientationPortrait UIInterfaceOrientationPortraitUpsideDown UIInterfaceOrientationLandscapeLeft UIInterfaceOrientationLandscapeRight";
				INFOPLIST_KEY_UISupportedInterfaceOrientations_iPhone = "UIInterfaceOrientationPortrait UIInterfaceOrientationLandscapeLeft UIInterfaceOrientationLandscapeRight";
				LD_RUNPATH_SEARCH_PATHS = (
					"$(inherited)",
					"@executable_path/Frameworks",
				);
				MARKETING_VERSION = 1.0;
				PRODUCT_BUNDLE_IDENTIFIER = "com.ahmermughal.EmbraceIT-TakeHome";
				PRODUCT_NAME = "$(TARGET_NAME)";
				SWIFT_EMIT_LOC_STRINGS = YES;
				SWIFT_VERSION = 5.0;
				TARGETED_DEVICE_FAMILY = 1;
			};
			name = Release;
		};
/* End XCBuildConfiguration section */

/* Begin XCConfigurationList section */
		C5500F6528C2478C0034E4D9 /* Build configuration list for PBXProject "EmbraceIT-TakeHome" */ = {
			isa = XCConfigurationList;
			buildConfigurations = (
				C5500F7C28C2478E0034E4D9 /* Debug */,
				C5500F7D28C2478E0034E4D9 /* Release */,
			);
			defaultConfigurationIsVisible = 0;
			defaultConfigurationName = Release;
		};
		C5500F7E28C2478E0034E4D9 /* Build configuration list for PBXNativeTarget "EmbraceIT-TakeHome" */ = {
			isa = XCConfigurationList;
			buildConfigurations = (
				C5500F7F28C2478E0034E4D9 /* Debug */,
				C5500F8028C2478E0034E4D9 /* Release */,
			);
			defaultConfigurationIsVisible = 0;
			defaultConfigurationName = Release;
		};
/* End XCConfigurationList section */
	};
	rootObject = C5500F6228C2478C0034E4D9 /* Project object */;
}
